
Microsoft Visual Studio Solution File, Format Version 12.00
# Visual Studio Version 17
VisualStudioVersion = 17.10.35122.118
MinimumVisualStudioVersion = 10.0.40219.1
Project("{2150E333-8FDC-42A3-9474-1A3956D46DE8}") = "Services", "Services", "{C83FEA27-360C-4F03-A72C-FF87C2DD97C3}"
EndProject
Project("{2150E333-8FDC-42A3-9474-1A3956D46DE8}") = "Web", "Web", "{960BE86C-81C6-42AE-9183-92CF142CD78C}"
EndProject
Project("{9A19103F-16F7-4668-BE54-9A1E7A4F7556}") = "ProductCatalogAPI", "ProductCatalogAPI\ProductCatalogAPI.csproj", "{C46B99BA-D815-4710-BEE9-4FAD8E3F704B}"
EndProject
Project("{E53339B2-1760-4266-BCC7-CA923CBCF16C}") = "docker-compose", "docker-compose.dcproj", "{3D2A5A50-2D2F-4279-8B86-FA8E600F811F}"
EndProject
Project("{9A19103F-16F7-4668-BE54-9A1E7A4F7556}") = "WebMVC", "WebMVC\WebMVC.csproj", "{065D90B5-41A3-4E22-845F-1761B0641268}"
EndProject
Project("{FAE04EC0-301F-11D3-BF4B-00C04F79EFBC}") = "TokenServiceAPI", "TokenServiceAPI\TokenServiceAPI.csproj", "{79739325-99FA-492A-A5ED-ACF541E1B984}"
EndProject
Global
	GlobalSection(SolutionConfigurationPlatforms) = preSolution
		Debug|Any CPU = Debug|Any CPU
		Release|Any CPU = Release|Any CPU
	EndGlobalSection
	GlobalSection(ProjectConfigurationPlatforms) = postSolution
		{C46B99BA-D815-4710-BEE9-4FAD8E3F704B}.Debug|Any CPU.ActiveCfg = Debug|Any CPU
		{C46B99BA-D815-4710-BEE9-4FAD8E3F704B}.Debug|Any CPU.Build.0 = Debug|Any CPU
		{C46B99BA-D815-4710-BEE9-4FAD8E3F704B}.Release|Any CPU.ActiveCfg = Release|Any CPU
		{C46B99BA-D815-4710-BEE9-4FAD8E3F704B}.Release|Any CPU.Build.0 = Release|Any CPU
		{3D2A5A50-2D2F-4279-8B86-FA8E600F811F}.Debug|Any CPU.ActiveCfg = Debug|Any CPU
		{3D2A5A50-2D2F-4279-8B86-FA8E600F811F}.Debug|Any CPU.Build.0 = Debug|Any CPU
		{3D2A5A50-2D2F-4279-8B86-FA8E600F811F}.Release|Any CPU.ActiveCfg = Release|Any CPU
		{3D2A5A50-2D2F-4279-8B86-FA8E600F811F}.Release|Any CPU.Build.0 = Release|Any CPU
		{065D90B5-41A3-4E22-845F-1761B0641268}.Debug|Any CPU.ActiveCfg = Debug|Any CPU
		{065D90B5-41A3-4E22-845F-1761B0641268}.Debug|Any CPU.Build.0 = Debug|Any CPU
		{065D90B5-41A3-4E22-845F-1761B0641268}.Release|Any CPU.ActiveCfg = Release|Any CPU
		{065D90B5-41A3-4E22-845F-1761B0641268}.Release|Any CPU.Build.0 = Release|Any CPU
		{79739325-99FA-492A-A5ED-ACF541E1B984}.Debug|Any CPU.ActiveCfg = Debug|Any CPU
		{79739325-99FA-492A-A5ED-ACF541E1B984}.Debug|Any CPU.Build.0 = Debug|Any CPU
		{79739325-99FA-492A-A5ED-ACF541E1B984}.Release|Any CPU.ActiveCfg = Release|Any CPU
		{79739325-99FA-492A-A5ED-ACF541E1B984}.Release|Any CPU.Build.0 = Release|Any CPU
	EndGlobalSection
	GlobalSection(SolutionProperties) = preSolution
		HideSolutionNode = FALSE
	EndGlobalSection
	GlobalSection(NestedProjects) = preSolution
		{C46B99BA-D815-4710-BEE9-4FAD8E3F704B} = {C83FEA27-360C-4F03-A72C-FF87C2DD97C3}
		{065D90B5-41A3-4E22-845F-1761B0641268} = {960BE86C-81C6-42AE-9183-92CF142CD78C}
		{79739325-99FA-492A-A5ED-ACF541E1B984} = {C83FEA27-360C-4F03-A72C-FF87C2DD97C3}
	EndGlobalSection
	GlobalSection(ExtensibilityGlobals) = postSolution
		SolutionGuid = {FCB4E698-C1CF-4495-81D7-C616D6577723}
	EndGlobalSection
EndGlobal
